
Microsoft Visual Studio Solution File, Format Version 12.00
# Visual Studio 2015
Project("{FAE04EC0-301F-11D3-BF4B-00C04F79EFBC}") = "projetomobilejunho2017-tiburcio", "projetomobilejunho2017-tiburcio.csproj", "{4013F3DB-2FAA-1912-5067-D5410BC88402}"
EndProject
Global
	GlobalSection(SolutionConfigurationPlatforms) = preSolution
		Debug|Any CPU = Debug|Any CPU
		Release|Any CPU = Release|Any CPU
	EndGlobalSection
	GlobalSection(ProjectConfigurationPlatforms) = postSolution
		{4013F3DB-2FAA-1912-5067-D5410BC88402}.Debug|Any CPU.ActiveCfg = Debug|Any CPU
		{4013F3DB-2FAA-1912-5067-D5410BC88402}.Debug|Any CPU.Build.0 = Debug|Any CPU
		{4013F3DB-2FAA-1912-5067-D5410BC88402}.Release|Any CPU.ActiveCfg = Release|Any CPU
		{4013F3DB-2FAA-1912-5067-D5410BC88402}.Release|Any CPU.Build.0 = Release|Any CPU
	EndGlobalSection
	GlobalSection(SolutionProperties) = preSolution
		HideSolutionNode = FALSE
	EndGlobalSection
EndGlobal
